
Microsoft Visual Studio Solution File, Format Version 12.00
# Visual Studio Version 16
VisualStudioVersion = 16.0.29728.190
MinimumVisualStudioVersion = 10.0.40219.1
Project("{FAE04EC0-301F-11D3-BF4B-00C04F79EFBC}") = "GIST To-Do.Android", "GIST To-Do.Android\GIST To-Do.Android.csproj", "{957FAA5E-678D-42B6-B6ED-A838CA6BE887}"
EndProject
Project("{FAE04EC0-301F-11D3-BF4B-00C04F79EFBC}") = "GIST To-Do.iOS", "GIST To-Do.iOS\GIST To-Do.iOS.csproj", "{99DE7E3C-CA53-4607-A2CD-E7082161E497}"
EndProject
Project("{FAE04EC0-301F-11D3-BF4B-00C04F79EFBC}") = "GIST To-Do", "GIST To-Do\GIST To-Do.csproj", "{8788F2E7-64B9-4004-BF92-423BD62128D7}"
EndProject
Global
	GlobalSection(SolutionConfigurationPlatforms) = preSolution
		Debug|Any CPU = Debug|Any CPU
		Debug|iPhone = Debug|iPhone
		Debug|iPhoneSimulator = Debug|iPhoneSimulator
		Release|Any CPU = Release|Any CPU
		Release|iPhone = Release|iPhone
		Release|iPhoneSimulator = Release|iPhoneSimulator
	EndGlobalSection
	GlobalSection(ProjectConfigurationPlatforms) = postSolution
		{957FAA5E-678D-42B6-B6ED-A838CA6BE887}.Debug|Any CPU.ActiveCfg = Debug|Any CPU
		{957FAA5E-678D-42B6-B6ED-A838CA6BE887}.Debug|Any CPU.Build.0 = Debug|Any CPU
		{957FAA5E-678D-42B6-B6ED-A838CA6BE887}.Debug|Any CPU.Deploy.0 = Debug|Any CPU
		{957FAA5E-678D-42B6-B6ED-A838CA6BE887}.Debug|iPhone.ActiveCfg = Debug|Any CPU
		{957FAA5E-678D-42B6-B6ED-A838CA6BE887}.Debug|iPhone.Build.0 = Debug|Any CPU
		{957FAA5E-678D-42B6-B6ED-A838CA6BE887}.Debug|iPhone.Deploy.0 = Debug|Any CPU
		{957FAA5E-678D-42B6-B6ED-A838CA6BE887}.Debug|iPhoneSimulator.ActiveCfg = Debug|Any CPU
		{957FAA5E-678D-42B6-B6ED-A838CA6BE887}.Debug|iPhoneSimulator.Build.0 = Debug|Any CPU
		{957FAA5E-678D-42B6-B6ED-A838CA6BE887}.Debug|iPhoneSimulator.Deploy.0 = Debug|Any CPU
		{957FAA5E-678D-42B6-B6ED-A838CA6BE887}.Release|Any CPU.ActiveCfg = Release|Any CPU
		{957FAA5E-678D-42B6-B6ED-A838CA6BE887}.Release|Any CPU.Build.0 = Release|Any CPU
		{957FAA5E-678D-42B6-B6ED-A838CA6BE887}.Release|Any CPU.Deploy.0 = Release|Any CPU
		{957FAA5E-678D-42B6-B6ED-A838CA6BE887}.Release|iPhone.ActiveCfg = Release|Any CPU
		{957FAA5E-678D-42B6-B6ED-A838CA6BE887}.Release|iPhone.Build.0 = Release|Any CPU
		{957FAA5E-678D-42B6-B6ED-A838CA6BE887}.Release|iPhone.Deploy.0 = Release|Any CPU
		{957FAA5E-678D-42B6-B6ED-A838CA6BE887}.Release|iPhoneSimulator.ActiveCfg = Release|Any CPU
		{957FAA5E-678D-42B6-B6ED-A838CA6BE887}.Release|iPhoneSimulator.Build.0 = Release|Any CPU
		{957FAA5E-678D-42B6-B6ED-A838CA6BE887}.Release|iPhoneSimulator.Deploy.0 = Release|Any CPU
		{99DE7E3C-CA53-4607-A2CD-E7082161E497}.Debug|Any CPU.ActiveCfg = Debug|iPhoneSimulator
		{99DE7E3C-CA53-4607-A2CD-E7082161E497}.Debug|Any CPU.Build.0 = Debug|iPhoneSimulator
		{99DE7E3C-CA53-4607-A2CD-E7082161E497}.Debug|Any CPU.Deploy.0 = Debug|iPhoneSimulator
		{99DE7E3C-CA53-4607-A2CD-E7082161E497}.Debug|iPhone.ActiveCfg = Debug|iPhone
		{99DE7E3C-CA53-4607-A2CD-E7082161E497}.Debug|iPhone.Build.0 = Debug|iPhone
		{99DE7E3C-CA53-4607-A2CD-E7082161E497}.Debug|iPhone.Deploy.0 = Debug|iPhone
		{99DE7E3C-CA53-4607-A2CD-E7082161E497}.Debug|iPhoneSimulator.ActiveCfg = Debug|iPhoneSimulator
		{99DE7E3C-CA53-4607-A2CD-E7082161E497}.Debug|iPhoneSimulator.Build.0 = Debug|iPhoneSimulator
		{99DE7E3C-CA53-4607-A2CD-E7082161E497}.Debug|iPhoneSimulator.Deploy.0 = Debug|iPhoneSimulator
		{99DE7E3C-CA53-4607-A2CD-E7082161E497}.Release|Any CPU.ActiveCfg = Release|iPhone
		{99DE7E3C-CA53-4607-A2CD-E7082161E497}.Release|Any CPU.Build.0 = Release|iPhone
		{99DE7E3C-CA53-4607-A2CD-E7082161E497}.Release|Any CPU.Deploy.0 = Release|iPhone
		{99DE7E3C-CA53-4607-A2CD-E7082161E497}.Release|iPhone.ActiveCfg = Release|iPhone
		{99DE7E3C-CA53-4607-A2CD-E7082161E497}.Release|iPhone.Build.0 = Release|iPhone
		{99DE7E3C-CA53-4607-A2CD-E7082161E497}.Release|iPhone.Deploy.0 = Release|iPhone
		{99DE7E3C-CA53-4607-A2CD-E7082161E497}.Release|iPhoneSimulator.ActiveCfg = Release|iPhoneSimulator
		{99DE7E3C-CA53-4607-A2CD-E7082161E497}.Release|iPhoneSimulator.Build.0 = Release|iPhoneSimulator
		{99DE7E3C-CA53-4607-A2CD-E7082161E497}.Release|iPhoneSimulator.Deploy.0 = Release|iPhoneSimulator
		{8788F2E7-64B9-4004-BF92-423BD62128D7}.Debug|Any CPU.ActiveCfg = Debug|Any CPU
		{8788F2E7-64B9-4004-BF92-423BD62128D7}.Debug|Any CPU.Build.0 = Debug|Any CPU
		{8788F2E7-64B9-4004-BF92-423BD62128D7}.Debug|Any CPU.Deploy.0 = Debug|Any CPU
		{8788F2E7-64B9-4004-BF92-423BD62128D7}.Debug|iPhone.ActiveCfg = Debug|Any CPU
		{8788F2E7-64B9-4004-BF92-423BD62128D7}.Debug|iPhone.Build.0 = Debug|Any CPU
		{8788F2E7-64B9-4004-BF92-423BD62128D7}.Debug|iPhone.Deploy.0 = Debug|Any CPU
		{8788F2E7-64B9-4004-BF92-423BD62128D7}.Debug|iPhoneSimulator.ActiveCfg = Debug|Any CPU
		{8788F2E7-64B9-4004-BF92-423BD62128D7}.Debug|iPhoneSimulator.Build.0 = Debug|Any CPU
		{8788F2E7-64B9-4004-BF92-423BD62128D7}.Debug|iPhoneSimulator.Deploy.0 = Debug|Any CPU
		{8788F2E7-64B9-4004-BF92-423BD62128D7}.Release|Any CPU.ActiveCfg = Release|Any CPU
		{8788F2E7-64B9-4004-BF92-423BD62128D7}.Release|Any CPU.Build.0 = Release|Any CPU
		{8788F2E7-64B9-4004-BF92-423BD62128D7}.Release|Any CPU.Deploy.0 = Release|Any CPU
		{8788F2E7-64B9-4004-BF92-423BD62128D7}.Release|iPhone.ActiveCfg = Release|Any CPU
		{8788F2E7-64B9-4004-BF92-423BD62128D7}.Release|iPhone.Build.0 = Release|Any CPU
		{8788F2E7-64B9-4004-BF92-423BD62128D7}.Release|iPhone.Deploy.0 = Release|Any CPU
		{8788F2E7-64B9-4004-BF92-423BD62128D7}.Release|iPhoneSimulator.ActiveCfg = Release|Any CPU
		{8788F2E7-64B9-4004-BF92-423BD62128D7}.Release|iPhoneSimulator.Build.0 = Release|Any CPU
		{8788F2E7-64B9-4004-BF92-423BD62128D7}.Release|iPhoneSimulator.Deploy.0 = Release|Any CPU
	EndGlobalSection
	GlobalSection(SolutionProperties) = preSolution
		HideSolutionNode = FALSE
	EndGlobalSection
	GlobalSection(ExtensibilityGlobals) = postSolution
		SolutionGuid = {DF8C8C87-6818-42D5-9A47-CC15D6671C6E}
	EndGlobalSection
EndGlobal
